
Microsoft Visual Studio Solution File, Format Version 12.00
# Visual Studio Version 16
VisualStudioVersion = 25.0.1706.7
MinimumVisualStudioVersion = 10.0.40219.1
Project("{FAE04EC0-301F-11D3-BF4B-00C04F79EFBC}") = "RankingApp", "RankingApp.csproj", "{23F30BAA-F5A2-419A-A49F-8A02621566B7}"
EndProject
Global
	GlobalSection(SolutionConfigurationPlatforms) = preSolution
		Debug|Any CPU = Debug|Any CPU
		Release|Any CPU = Release|Any CPU
	EndGlobalSection
	GlobalSection(ProjectConfigurationPlatforms) = postSolution
		{23F30BAA-F5A2-419A-A49F-8A02621566B7}.Debug|Any CPU.ActiveCfg = Debug|Any CPU
		{23F30BAA-F5A2-419A-A49F-8A02621566B7}.Debug|Any CPU.Build.0 = Debug|Any CPU
		{23F30BAA-F5A2-419A-A49F-8A02621566B7}.Release|Any CPU.ActiveCfg = Release|Any CPU
		{23F30BAA-F5A2-419A-A49F-8A02621566B7}.Release|Any CPU.Build.0 = Release|Any CPU
	EndGlobalSection
	GlobalSection(SolutionProperties) = preSolution
		HideSolutionNode = FALSE
	EndGlobalSection
	GlobalSection(ExtensibilityGlobals) = postSolution
		SolutionGuid = {81BF7C8A-4E67-45CF-AB60-EF0270D475E2}
	EndGlobalSection
EndGlobal
